
Microsoft Visual Studio Solution File, Format Version 12.00
# Visual Studio 15
VisualStudioVersion = 15.0.27703.2047
MinimumVisualStudioVersion = 10.0.40219.1
Project("{FAE04EC0-301F-11D3-BF4B-00C04F79EFBC}") = "disksrv-client", "disksrv-client.csproj", "{937EAAC6-1FF2-4489-A529-D37D825B8A09}"
EndProject
Global
	GlobalSection(SolutionConfigurationPlatforms) = preSolution
		Debug|Any CPU = Debug|Any CPU
		Release|Any CPU = Release|Any CPU
	EndGlobalSection
	GlobalSection(ProjectConfigurationPlatforms) = postSolution
		{937EAAC6-1FF2-4489-A529-D37D825B8A09}.Debug|Any CPU.ActiveCfg = Debug|Any CPU
		{937EAAC6-1FF2-4489-A529-D37D825B8A09}.Debug|Any CPU.Build.0 = Debug|Any CPU
		{937EAAC6-1FF2-4489-A529-D37D825B8A09}.Release|Any CPU.ActiveCfg = Release|Any CPU
		{937EAAC6-1FF2-4489-A529-D37D825B8A09}.Release|Any CPU.Build.0 = Release|Any CPU
	EndGlobalSection
	GlobalSection(SolutionProperties) = preSolution
		HideSolutionNode = FALSE
	EndGlobalSection
	GlobalSection(ExtensibilityGlobals) = postSolution
		SolutionGuid = {F44F467C-42F8-48C3-8055-15A400273829}
	EndGlobalSection
EndGlobal
